
Microsoft Visual Studio Solution File, Format Version 12.00
# Visual Studio Version 17
VisualStudioVersion = 17.10.34916.146
MinimumVisualStudioVersion = 10.0.40219.1
Project("{9A19103F-16F7-4668-BE54-9A1E7A4F7556}") = "BookStorePL", "BookStorePL\BookStorePL.csproj", "{B560969B-B9D0-4F70-A171-A73B99AE2B43}"
EndProject
Project("{FAE04EC0-301F-11D3-BF4B-00C04F79EFBC}") = "BookStoreBL", "BookStoreBL\BookStoreBL.csproj", "{346D76E7-970C-42F4-9A73-5C577E827DC7}"
EndProject
Project("{FAE04EC0-301F-11D3-BF4B-00C04F79EFBC}") = "BookStoreRL", "BookStoreRL\BookStoreRL.csproj", "{964B5104-D801-4ADF-B843-28D33FB263B2}"
EndProject
Project("{FAE04EC0-301F-11D3-BF4B-00C04F79EFBC}") = "BookStoreML", "BookStoreML\BookStoreML.csproj", "{B7F1A8FA-E2B5-45CC-A1B2-FFE1D4552B67}"
EndProject
Global
	GlobalSection(SolutionConfigurationPlatforms) = preSolution
		Debug|Any CPU = Debug|Any CPU
		Release|Any CPU = Release|Any CPU
	EndGlobalSection
	GlobalSection(ProjectConfigurationPlatforms) = postSolution
		{B560969B-B9D0-4F70-A171-A73B99AE2B43}.Debug|Any CPU.ActiveCfg = Debug|Any CPU
		{B560969B-B9D0-4F70-A171-A73B99AE2B43}.Debug|Any CPU.Build.0 = Debug|Any CPU
		{B560969B-B9D0-4F70-A171-A73B99AE2B43}.Release|Any CPU.ActiveCfg = Release|Any CPU
		{B560969B-B9D0-4F70-A171-A73B99AE2B43}.Release|Any CPU.Build.0 = Release|Any CPU
		{346D76E7-970C-42F4-9A73-5C577E827DC7}.Debug|Any CPU.ActiveCfg = Debug|Any CPU
		{346D76E7-970C-42F4-9A73-5C577E827DC7}.Debug|Any CPU.Build.0 = Debug|Any CPU
		{346D76E7-970C-42F4-9A73-5C577E827DC7}.Release|Any CPU.ActiveCfg = Release|Any CPU
		{346D76E7-970C-42F4-9A73-5C577E827DC7}.Release|Any CPU.Build.0 = Release|Any CPU
		{964B5104-D801-4ADF-B843-28D33FB263B2}.Debug|Any CPU.ActiveCfg = Debug|Any CPU
		{964B5104-D801-4ADF-B843-28D33FB263B2}.Debug|Any CPU.Build.0 = Debug|Any CPU
		{964B5104-D801-4ADF-B843-28D33FB263B2}.Release|Any CPU.ActiveCfg = Release|Any CPU
		{964B5104-D801-4ADF-B843-28D33FB263B2}.Release|Any CPU.Build.0 = Release|Any CPU
		{B7F1A8FA-E2B5-45CC-A1B2-FFE1D4552B67}.Debug|Any CPU.ActiveCfg = Debug|Any CPU
		{B7F1A8FA-E2B5-45CC-A1B2-FFE1D4552B67}.Debug|Any CPU.Build.0 = Debug|Any CPU
		{B7F1A8FA-E2B5-45CC-A1B2-FFE1D4552B67}.Release|Any CPU.ActiveCfg = Release|Any CPU
		{B7F1A8FA-E2B5-45CC-A1B2-FFE1D4552B67}.Release|Any CPU.Build.0 = Release|Any CPU
	EndGlobalSection
	GlobalSection(SolutionProperties) = preSolution
		HideSolutionNode = FALSE
	EndGlobalSection
	GlobalSection(ExtensibilityGlobals) = postSolution
		SolutionGuid = {1AFD659F-2D6D-4840-B758-B77F490AA79D}
	EndGlobalSection
EndGlobal
